
Microsoft Visual Studio Solution File, Format Version 12.00
# Visual Studio 15
VisualStudioVersion = 15.0.28307.572
MinimumVisualStudioVersion = 10.0.40219.1
Project("{FAE04EC0-301F-11D3-BF4B-00C04F79EFBC}") = "Week4Tema2Exercitiul2", "Week4Tema2Exercitiul2\Week4Tema2Exercitiul2.csproj", "{A81FE501-9E91-4FA3-8653-F5A78F3CF895}"
EndProject
Global
	GlobalSection(SolutionConfigurationPlatforms) = preSolution
		Debug|Any CPU = Debug|Any CPU
		Release|Any CPU = Release|Any CPU
	EndGlobalSection
	GlobalSection(ProjectConfigurationPlatforms) = postSolution
		{A81FE501-9E91-4FA3-8653-F5A78F3CF895}.Debug|Any CPU.ActiveCfg = Debug|Any CPU
		{A81FE501-9E91-4FA3-8653-F5A78F3CF895}.Debug|Any CPU.Build.0 = Debug|Any CPU
		{A81FE501-9E91-4FA3-8653-F5A78F3CF895}.Release|Any CPU.ActiveCfg = Release|Any CPU
		{A81FE501-9E91-4FA3-8653-F5A78F3CF895}.Release|Any CPU.Build.0 = Release|Any CPU
	EndGlobalSection
	GlobalSection(SolutionProperties) = preSolution
		HideSolutionNode = FALSE
	EndGlobalSection
	GlobalSection(ExtensibilityGlobals) = postSolution
		SolutionGuid = {74CC0F16-2C77-44F1-8A15-18884AFD967E}
	EndGlobalSection
EndGlobal
